
Microsoft Visual Studio Solution File, Format Version 12.00
# Visual Studio Version 17
VisualStudioVersion = 17.3.32929.385
MinimumVisualStudioVersion = 10.0.40219.1
Project("{FAE04EC0-301F-11D3-BF4B-00C04F79EFBC}") = "lab_1_1_tayak", "lab_1_1_tayak\lab_1_1_tayak.csproj", "{E61709D8-49C7-430B-9F65-44A4E3403FF4}"
EndProject
Global
	GlobalSection(SolutionConfigurationPlatforms) = preSolution
		Debug|Any CPU = Debug|Any CPU
		Release|Any CPU = Release|Any CPU
	EndGlobalSection
	GlobalSection(ProjectConfigurationPlatforms) = postSolution
		{E61709D8-49C7-430B-9F65-44A4E3403FF4}.Debug|Any CPU.ActiveCfg = Debug|Any CPU
		{E61709D8-49C7-430B-9F65-44A4E3403FF4}.Debug|Any CPU.Build.0 = Debug|Any CPU
		{E61709D8-49C7-430B-9F65-44A4E3403FF4}.Release|Any CPU.ActiveCfg = Release|Any CPU
		{E61709D8-49C7-430B-9F65-44A4E3403FF4}.Release|Any CPU.Build.0 = Release|Any CPU
	EndGlobalSection
	GlobalSection(SolutionProperties) = preSolution
		HideSolutionNode = FALSE
	EndGlobalSection
	GlobalSection(ExtensibilityGlobals) = postSolution
		SolutionGuid = {F9748CC5-4CBB-4544-9341-C2394FDF9103}
	EndGlobalSection
EndGlobal
